{
  "name": "uikit",
  "version": "1.0.0",
  "lockfileVersion": 1,
  "requires": true,
  "dependencies": {
    "@floating-ui/core": {
      "version": "1.3.1",
      "resolved": "https://registry.npmjs.org/@floating-ui/core/-/core-1.3.1.tgz",
      "integrity": "sha512-Bu+AMaXNjrpjh41znzHqaz3r2Nr8hHuHZT6V2LBKMhyMl0FgKA62PNYbqnfgmzOhoWZj70Zecisbo4H1rotP5g=="
    },
    "@floating-ui/dom": {
      "version": "1.4.1",
      "resolved": "https://registry.npmjs.org/@floating-ui/dom/-/dom-1.4.1.tgz",
      "integrity": "sha512-loCXUOLzIC3jp50RFOKXZ/kQjjz26ryr/23M+FWG9jrmAv8lRf3DUfC2AiVZ3+K316GOhB08CR+Povwz8e9mDw==",
      "requires": {
        "@floating-ui/core": "^1.3.1"
      }
    }
  }
}
