{
  "name": "uikit",
  "version": "1.0.0",
  "lockfileVersion": 1,
  "requires": true,
  "dependencies": {
    "@floating-ui/core": {
      "version": "1.4.1",
      "resolved": "https://registry.npmjs.org/@floating-ui/core/-/core-1.4.1.tgz",
      "integrity": "sha512-jk3WqquEJRlcyu7997NtR5PibI+y5bi+LS3hPmguVClypenMsCY3CBa3LAQnozRCtCrYWSEtAdiskpamuJRFOQ==",
      "requires": {
        "@floating-ui/utils": "^0.1.1"
      }
    },
    "@floating-ui/dom": {
      "version": "1.5.1",
      "resolved": "https://registry.npmjs.org/@floating-ui/dom/-/dom-1.5.1.tgz",
      "integrity": "sha512-KwvVcPSXg6mQygvA1TjbN/gh///36kKtllIF8SUm0qpFj8+rvYrpvlYdL1JoA71SHpDqgSSdGOSoQ0Mp3uY5aw==",
      "requires": {
        "@floating-ui/core": "^1.4.1",
        "@floating-ui/utils": "^0.1.1"
      }
    },
    "@floating-ui/utils": {
      "version": "0.1.1",
      "resolved": "https://registry.npmjs.org/@floating-ui/utils/-/utils-0.1.1.tgz",
      "integrity": "sha512-m0G6wlnhm/AX0H12IOWtK8gASEMffnX08RtKkCgTdHb9JpHKGloI7icFfLg9ZmQeavcvR0PKmzxClyuFPSjKWw=="
    }
  }
}
