{
  "name": "uikit",
  "version": "1.0.0",
  "lockfileVersion": 3,
  "requires": true,
  "packages": {
    "": {
      "name": "uikit",
      "version": "1.0.0",
      "license": "ISC",
      "dependencies": {
        "@floating-ui/dom": "^1.2.6"
      }
    },
    "node_modules/@floating-ui/core": {
      "version": "1.2.6",
      "resolved": "https://registry.npmjs.org/@floating-ui/core/-/core-1.2.6.tgz",
      "integrity": "sha512-EvYTiXet5XqweYGClEmpu3BoxmsQ4hkj3QaYA6qEnigCWffTP3vNRwBReTdrwDwo7OoJ3wM8Uoe9Uk4n+d4hfg=="
    },
    "node_modules/@floating-ui/dom": {
      "version": "1.2.6",
      "resolved": "https://registry.npmjs.org/@floating-ui/dom/-/dom-1.2.6.tgz",
      "integrity": "sha512-02vxFDuvuVPs22iJICacezYJyf7zwwOCWkPNkWNBr1U0Qt1cKFYzWvxts0AmqcOQGwt/3KJWcWIgtbUU38keyw==",
      "dependencies": {
        "@floating-ui/core": "^1.2.6"
      }
    }
  }
}
